// !$*UTF8*$!
{
	archiveVersion = 1;
	classes = {
	};
	objectVersion = 46;
	objects = {

/* Begin PBXBuildFile section */
		901AE3C51F58008600DCE740 /* main.m in Sources */ = {isa = PBXBuildFile; fileRef = 901AE3C41F58008600DCE740 /* main.m */; };
		901AE3C81F58008600DCE740 /* AppDelegate.m in Sources */ = {isa = PBXBuildFile; fileRef = 901AE3C71F58008600DCE740 /* AppDelegate.m */; };
		901AE3CB1F58008600DCE740 /* ViewController.m in Sources */ = {isa = PBXBuildFile; fileRef = 901AE3CA1F58008600DCE740 /* ViewController.m */; };
		901AE3CE1F58008600DCE740 /* Main.storyboard in Resources */ = {isa = PBXBuildFile; fileRef = 901AE3CC1F58008600DCE740 /* Main.storyboard */; };
		901AE3D01F58008600DCE740 /* Assets.xcassets in Resources */ = {isa = PBXBuildFile; fileRef = 901AE3CF1F58008600DCE740 /* Assets.xcassets */; };
		901AE3D31F58008600DCE740 /* LaunchScreen.storyboard in Resources */ = {isa = PBXBuildFile; fileRef = 901AE3D11F58008600DCE740 /* LaunchScreen.storyboard */; };
		901AE3DE1F58008600DCE740 /* WXZTipTests.m in Sources */ = {isa = PBXBuildFile; fileRef = 901AE3DD1F58008600DCE740 /* WXZTipTests.m */; };
		901AE3E91F58008600DCE740 /* WXZTipUITests.m in Sources */ = {isa = PBXBuildFile; fileRef = 901AE3E81F58008600DCE740 /* WXZTipUITests.m */; };
		901AE3F91F5801B600DCE740 /* WXZTipView.m in Sources */ = {isa = PBXBuildFile; fileRef = 901AE3F81F5801B600DCE740 /* WXZTipView.m */; };
		901AE40C1F590FF900DCE740 /* MBViewController.m in Sources */ = {isa = PBXBuildFile; fileRef = 901AE40B1F590FF900DCE740 /* MBViewController.m */; };
		901AE40F1F59100D00DCE740 /* RootViewController.m in Sources */ = {isa = PBXBuildFile; fileRef = 901AE40E1F59100D00DCE740 /* RootViewController.m */; };
		901AE4121F5910DA00DCE740 /* TipViewController.m in Sources */ = {isa = PBXBuildFile; fileRef = 901AE4111F5910DA00DCE740 /* TipViewController.m */; };
		901AE4201F59380200DCE740 /* Loading_1.png in Resources */ = {isa = PBXBuildFile; fileRef = 901AE4141F59380200DCE740 /* Loading_1.png */; };
		901AE4211F59380200DCE740 /* Loading_10.png in Resources */ = {isa = PBXBuildFile; fileRef = 901AE4151F59380200DCE740 /* Loading_10.png */; };
		901AE4221F59380200DCE740 /* Loading_11.png in Resources */ = {isa = PBXBuildFile; fileRef = 901AE4161F59380200DCE740 /* Loading_11.png */; };
		901AE4231F59380200DCE740 /* Loading_12.png in Resources */ = {isa = PBXBuildFile; fileRef = 901AE4171F59380200DCE740 /* Loading_12.png */; };
		901AE4241F59380200DCE740 /* Loading_2.png in Resources */ = {isa = PBXBuildFile; fileRef = 901AE4181F59380200DCE740 /* Loading_2.png */; };
		901AE4251F59380200DCE740 /* Loading_3.png in Resources */ = {isa = PBXBuildFile; fileRef = 901AE4191F59380200DCE740 /* Loading_3.png */; };
		901AE4261F59380200DCE740 /* Loading_4.png in Resources */ = {isa = PBXBuildFile; fileRef = 901AE41A1F59380200DCE740 /* Loading_4.png */; };
		901AE4271F59380200DCE740 /* Loading_5.png in Resources */ = {isa = PBXBuildFile; fileRef = 901AE41B1F59380200DCE740 /* Loading_5.png */; };
		901AE4281F59380200DCE740 /* Loading_6.png in Resources */ = {isa = PBXBuildFile; fileRef = 901AE41C1F59380200DCE740 /* Loading_6.png */; };
		901AE4291F59380200DCE740 /* Loading_7.png in Resources */ = {isa = PBXBuildFile; fileRef = 901AE41D1F59380200DCE740 /* Loading_7.png */; };
		901AE42A1F59380200DCE740 /* Loading_8.png in Resources */ = {isa = PBXBuildFile; fileRef = 901AE41E1F59380200DCE740 /* Loading_8.png */; };
		901AE42B1F59380200DCE740 /* Loading_9.png in Resources */ = {isa = PBXBuildFile; fileRef = 901AE41F1F59380200DCE740 /* Loading_9.png */; };
		90ADD9821F73B9D7009C5498 /* SListViewController.swift in Sources */ = {isa = PBXBuildFile; fileRef = 90ADD9811F73B9D7009C5498 /* SListViewController.swift */; };
		F22A9BF4858130AD7DAF4A44 /* libPods-WXZTip.a in Frameworks */ = {isa = PBXBuildFile; fileRef = 4D8901DA9779996F72F29BF3 /* libPods-WXZTip.a */; };
		F2AD446A206E15C700D01FC4 /* package.json in Resources */ = {isa = PBXBuildFile; fileRef = F2AD4469206E15C700D01FC4 /* package.json */; };
		F2FF96CF2005F28300C2F268 /* UIViewController+Hud.m in Sources */ = {isa = PBXBuildFile; fileRef = F2FF96CB2005F28300C2F268 /* UIViewController+Hud.m */; };
		F2FF96D02005F28300C2F268 /* UITableView+JMRefresh.m in Sources */ = {isa = PBXBuildFile; fileRef = F2FF96CE2005F28300C2F268 /* UITableView+JMRefresh.m */; };
		F2FF96D32006089600C2F268 /* JMRefreshNormalHeader.m in Sources */ = {isa = PBXBuildFile; fileRef = F2FF96D22006089600C2F268 /* JMRefreshNormalHeader.m */; };
		F2FF96D6200609A100C2F268 /* JMRefreshGifHeader.m in Sources */ = {isa = PBXBuildFile; fileRef = F2FF96D5200609A100C2F268 /* JMRefreshGifHeader.m */; };
		F2FF96DC20060AEF00C2F268 /* JMRefreshnAutoNormalFooter.m in Sources */ = {isa = PBXBuildFile; fileRef = F2FF96DB20060AEF00C2F268 /* JMRefreshnAutoNormalFooter.m */; };
/* End PBXBuildFile section */

/* Begin PBXContainerItemProxy section */
		901AE3DA1F58008600DCE740 /* PBXContainerItemProxy */ = {
			isa = PBXContainerItemProxy;
			containerPortal = 901AE3B81F58008600DCE740 /* Project object */;
			proxyType = 1;
			remoteGlobalIDString = 901AE3BF1F58008600DCE740;
			remoteInfo = WXZTip;
		};
		901AE3E51F58008600DCE740 /* PBXContainerItemProxy */ = {
			isa = PBXContainerItemProxy;
			containerPortal = 901AE3B81F58008600DCE740 /* Project object */;
			proxyType = 1;
			remoteGlobalIDString = 901AE3BF1F58008600DCE740;
			remoteInfo = WXZTip;
		};
/* End PBXContainerItemProxy section */

/* Begin PBXFileReference section */
		1E2E1740AB54F4F31D7E68ED /* Pods-WXZTip.release.xcconfig */ = {isa = PBXFileReference; includeInIndex = 1; lastKnownFileType = text.xcconfig; name = "Pods-WXZTip.release.xcconfig"; path = "Pods/Target Support Files/Pods-WXZTip/Pods-WXZTip.release.xcconfig"; sourceTree = "<group>"; };
		4D8901DA9779996F72F29BF3 /* libPods-WXZTip.a */ = {isa = PBXFileReference; explicitFileType = archive.ar; includeInIndex = 0; path = "libPods-WXZTip.a"; sourceTree = BUILT_PRODUCTS_DIR; };
		901AE3C01F58008600DCE740 /* WXZTip.app */ = {isa = PBXFileReference; explicitFileType = wrapper.application; includeInIndex = 0; path = WXZTip.app; sourceTree = BUILT_PRODUCTS_DIR; };
		901AE3C41F58008600DCE740 /* main.m */ = {isa = PBXFileReference; lastKnownFileType = sourcecode.c.objc; path = main.m; sourceTree = "<group>"; };
		901AE3C61F58008600DCE740 /* AppDelegate.h */ = {isa = PBXFileReference; lastKnownFileType = sourcecode.c.h; path = AppDelegate.h; sourceTree = "<group>"; };
		901AE3C71F58008600DCE740 /* AppDelegate.m */ = {isa = PBXFileReference; lastKnownFileType = sourcecode.c.objc; path = AppDelegate.m; sourceTree = "<group>"; };
		901AE3C91F58008600DCE740 /* ViewController.h */ = {isa = PBXFileReference; lastKnownFileType = sourcecode.c.h; path = ViewController.h; sourceTree = "<group>"; };
		901AE3CA1F58008600DCE740 /* ViewController.m */ = {isa = PBXFileReference; lastKnownFileType = sourcecode.c.objc; path = ViewController.m; sourceTree = "<group>"; };
		901AE3CD1F58008600DCE740 /* Base */ = {isa = PBXFileReference; lastKnownFileType = file.storyboard; name = Base; path = Base.lproj/Main.storyboard; sourceTree = "<group>"; };
		901AE3CF1F58008600DCE740 /* Assets.xcassets */ = {isa = PBXFileReference; lastKnownFileType = folder.assetcatalog; path = Assets.xcassets; sourceTree = "<group>"; };
		901AE3D21F58008600DCE740 /* Base */ = {isa = PBXFileReference; lastKnownFileType = file.storyboard; name = Base; path = Base.lproj/LaunchScreen.storyboard; sourceTree = "<group>"; };
		901AE3D41F58008600DCE740 /* Info.plist */ = {isa = PBXFileReference; lastKnownFileType = text.plist.xml; path = Info.plist; sourceTree = "<group>"; };
		901AE3D91F58008600DCE740 /* WXZTipTests.xctest */ = {isa = PBXFileReference; explicitFileType = wrapper.cfbundle; includeInIndex = 0; path = WXZTipTests.xctest; sourceTree = BUILT_PRODUCTS_DIR; };
		901AE3DD1F58008600DCE740 /* WXZTipTests.m */ = {isa = PBXFileReference; lastKnownFileType = sourcecode.c.objc; path = WXZTipTests.m; sourceTree = "<group>"; };
		901AE3DF1F58008600DCE740 /* Info.plist */ = {isa = PBXFileReference; lastKnownFileType = text.plist.xml; path = Info.plist; sourceTree = "<group>"; };
		901AE3E41F58008600DCE740 /* WXZTipUITests.xctest */ = {isa = PBXFileReference; explicitFileType = wrapper.cfbundle; includeInIndex = 0; path = WXZTipUITests.xctest; sourceTree = BUILT_PRODUCTS_DIR; };
		901AE3E81F58008600DCE740 /* WXZTipUITests.m */ = {isa = PBXFileReference; lastKnownFileType = sourcecode.c.objc; path = WXZTipUITests.m; sourceTree = "<group>"; };
		901AE3EA1F58008600DCE740 /* Info.plist */ = {isa = PBXFileReference; lastKnownFileType = text.plist.xml; path = Info.plist; sourceTree = "<group>"; };
		901AE3F71F5801B600DCE740 /* WXZTipView.h */ = {isa = PBXFileReference; fileEncoding = 4; lastKnownFileType = sourcecode.c.h; path = WXZTipView.h; sourceTree = "<group>"; };
		901AE3F81F5801B600DCE740 /* WXZTipView.m */ = {isa = PBXFileReference; fileEncoding = 4; lastKnownFileType = sourcecode.c.objc; path = WXZTipView.m; sourceTree = "<group>"; };
		901AE40A1F590FF900DCE740 /* MBViewController.h */ = {isa = PBXFileReference; fileEncoding = 4; lastKnownFileType = sourcecode.c.h; path = MBViewController.h; sourceTree = "<group>"; };
		901AE40B1F590FF900DCE740 /* MBViewController.m */ = {isa = PBXFileReference; fileEncoding = 4; lastKnownFileType = sourcecode.c.objc; path = MBViewController.m; sourceTree = "<group>"; };
		901AE40D1F59100C00DCE740 /* RootViewController.h */ = {isa = PBXFileReference; fileEncoding = 4; lastKnownFileType = sourcecode.c.h; path = RootViewController.h; sourceTree = "<group>"; };
		901AE40E1F59100D00DCE740 /* RootViewController.m */ = {isa = PBXFileReference; fileEncoding = 4; lastKnownFileType = sourcecode.c.objc; path = RootViewController.m; sourceTree = "<group>"; };
		901AE4101F5910DA00DCE740 /* TipViewController.h */ = {isa = PBXFileReference; fileEncoding = 4; lastKnownFileType = sourcecode.c.h; path = TipViewController.h; sourceTree = "<group>"; };
		901AE4111F5910DA00DCE740 /* TipViewController.m */ = {isa = PBXFileReference; fileEncoding = 4; lastKnownFileType = sourcecode.c.objc; path = TipViewController.m; sourceTree = "<group>"; };
		901AE4141F59380200DCE740 /* Loading_1.png */ = {isa = PBXFileReference; lastKnownFileType = image.png; path = Loading_1.png; sourceTree = "<group>"; };
		901AE4151F59380200DCE740 /* Loading_10.png */ = {isa = PBXFileReference; lastKnownFileType = image.png; path = Loading_10.png; sourceTree = "<group>"; };
		901AE4161F59380200DCE740 /* Loading_11.png */ = {isa = PBXFileReference; lastKnownFileType = image.png; path = Loading_11.png; sourceTree = "<group>"; };
		901AE4171F59380200DCE740 /* Loading_12.png */ = {isa = PBXFileReference; lastKnownFileType = image.png; path = Loading_12.png; sourceTree = "<group>"; };
		901AE4181F59380200DCE740 /* Loading_2.png */ = {isa = PBXFileReference; lastKnownFileType = image.png; path = Loading_2.png; sourceTree = "<group>"; };
		901AE4191F59380200DCE740 /* Loading_3.png */ = {isa = PBXFileReference; lastKnownFileType = image.png; path = Loading_3.png; sourceTree = "<group>"; };
		901AE41A1F59380200DCE740 /* Loading_4.png */ = {isa = PBXFileReference; lastKnownFileType = image.png; path = Loading_4.png; sourceTree = "<group>"; };
		901AE41B1F59380200DCE740 /* Loading_5.png */ = {isa = PBXFileReference; lastKnownFileType = image.png; path = Loading_5.png; sourceTree = "<group>"; };
		901AE41C1F59380200DCE740 /* Loading_6.png */ = {isa = PBXFileReference; lastKnownFileType = image.png; path = Loading_6.png; sourceTree = "<group>"; };
		901AE41D1F59380200DCE740 /* Loading_7.png */ = {isa = PBXFileReference; lastKnownFileType = image.png; path = Loading_7.png; sourceTree = "<group>"; };
		901AE41E1F59380200DCE740 /* Loading_8.png */ = {isa = PBXFileReference; lastKnownFileType = image.png; path = Loading_8.png; sourceTree = "<group>"; };
		901AE41F1F59380200DCE740 /* Loading_9.png */ = {isa = PBXFileReference; lastKnownFileType = image.png; path = Loading_9.png; sourceTree = "<group>"; };
		90ADD9801F73B9D7009C5498 /* WXZTip-Bridging-Header.h */ = {isa = PBXFileReference; lastKnownFileType = sourcecode.c.h; path = "WXZTip-Bridging-Header.h"; sourceTree = "<group>"; };
		90ADD9811F73B9D7009C5498 /* SListViewController.swift */ = {isa = PBXFileReference; lastKnownFileType = sourcecode.swift; path = SListViewController.swift; sourceTree = "<group>"; };
		C2A2914048088D0AECF479F7 /* Pods-WXZTip.debug.xcconfig */ = {isa = PBXFileReference; includeInIndex = 1; lastKnownFileType = text.xcconfig; name = "Pods-WXZTip.debug.xcconfig"; path = "Pods/Target Support Files/Pods-WXZTip/Pods-WXZTip.debug.xcconfig"; sourceTree = "<group>"; };
		F2AD4469206E15C700D01FC4 /* package.json */ = {isa = PBXFileReference; fileEncoding = 4; lastKnownFileType = text.json; path = package.json; sourceTree = "<group>"; };
		F2FF96CB2005F28300C2F268 /* UIViewController+Hud.m */ = {isa = PBXFileReference; fileEncoding = 4; lastKnownFileType = sourcecode.c.objc; path = "UIViewController+Hud.m"; sourceTree = "<group>"; };
		F2FF96CC2005F28300C2F268 /* UITableView+JMRefresh.h */ = {isa = PBXFileReference; fileEncoding = 4; lastKnownFileType = sourcecode.c.h; path = "UITableView+JMRefresh.h"; sourceTree = "<group>"; };
		F2FF96CD2005F28300C2F268 /* UIViewController+Hud.h */ = {isa = PBXFileReference; fileEncoding = 4; lastKnownFileType = sourcecode.c.h; path = "UIViewController+Hud.h"; sourceTree = "<group>"; };
		F2FF96CE2005F28300C2F268 /* UITableView+JMRefresh.m */ = {isa = PBXFileReference; fileEncoding = 4; lastKnownFileType = sourcecode.c.objc; path = "UITableView+JMRefresh.m"; sourceTree = "<group>"; };
		F2FF96D12006089600C2F268 /* JMRefreshNormalHeader.h */ = {isa = PBXFileReference; lastKnownFileType = sourcecode.c.h; path = JMRefreshNormalHeader.h; sourceTree = "<group>"; };
		F2FF96D22006089600C2F268 /* JMRefreshNormalHeader.m */ = {isa = PBXFileReference; lastKnownFileType = sourcecode.c.objc; path = JMRefreshNormalHeader.m; sourceTree = "<group>"; };
		F2FF96D4200609A100C2F268 /* JMRefreshGifHeader.h */ = {isa = PBXFileReference; lastKnownFileType = sourcecode.c.h; path = JMRefreshGifHeader.h; sourceTree = "<group>"; };
		F2FF96D5200609A100C2F268 /* JMRefreshGifHeader.m */ = {isa = PBXFileReference; lastKnownFileType = sourcecode.c.objc; path = JMRefreshGifHeader.m; sourceTree = "<group>"; };
		F2FF96DA20060AEF00C2F268 /* JMRefreshnAutoNormalFooter.h */ = {isa = PBXFileReference; lastKnownFileType = sourcecode.c.h; path = JMRefreshnAutoNormalFooter.h; sourceTree = "<group>"; };
		F2FF96DB20060AEF00C2F268 /* JMRefreshnAutoNormalFooter.m */ = {isa = PBXFileReference; lastKnownFileType = sourcecode.c.objc; path = JMRefreshnAutoNormalFooter.m; sourceTree = "<group>"; };
/* End PBXFileReference section */

/* Begin PBXFrameworksBuildPhase section */
		901AE3BD1F58008600DCE740 /* Frameworks */ = {
			isa = PBXFrameworksBuildPhase;
			buildActionMask = 2147483647;
			files = (
				F22A9BF4858130AD7DAF4A44 /* libPods-WXZTip.a in Frameworks */,
			);
			runOnlyForDeploymentPostprocessing = 0;
		};
		901AE3D61F58008600DCE740 /* Frameworks */ = {
			isa = PBXFrameworksBuildPhase;
			buildActionMask = 2147483647;
			files = (
			);
			runOnlyForDeploymentPostprocessing = 0;
		};
		901AE3E11F58008600DCE740 /* Frameworks */ = {
			isa = PBXFrameworksBuildPhase;
			buildActionMask = 2147483647;
			files = (
			);
			runOnlyForDeploymentPostprocessing = 0;
		};
/* End PBXFrameworksBuildPhase section */

/* Begin PBXGroup section */
		1D6DB120A1E0CDF3FB98F84F /* Pods */ = {
			isa = PBXGroup;
			children = (
				C2A2914048088D0AECF479F7 /* Pods-WXZTip.debug.xcconfig */,
				1E2E1740AB54F4F31D7E68ED /* Pods-WXZTip.release.xcconfig */,
			);
			name = Pods;
			sourceTree = "<group>";
		};
		49FD9BD3129E16D52198FBC5 /* Frameworks */ = {
			isa = PBXGroup;
			children = (
				4D8901DA9779996F72F29BF3 /* libPods-WXZTip.a */,
			);
			name = Frameworks;
			sourceTree = "<group>";
		};
		901AE3B71F58008600DCE740 = {
			isa = PBXGroup;
			children = (
				F2AD4466206E153700D01FC4 /* ReactComponent */,
				901AE4131F59380200DCE740 /* image */,
				901AE3C21F58008600DCE740 /* WXZTip */,
				901AE3DC1F58008600DCE740 /* WXZTipTests */,
				901AE3E71F58008600DCE740 /* WXZTipUITests */,
				901AE3C11F58008600DCE740 /* Products */,
				1D6DB120A1E0CDF3FB98F84F /* Pods */,
				49FD9BD3129E16D52198FBC5 /* Frameworks */,
			);
			sourceTree = "<group>";
		};
		901AE3C11F58008600DCE740 /* Products */ = {
			isa = PBXGroup;
			children = (
				901AE3C01F58008600DCE740 /* WXZTip.app */,
				901AE3D91F58008600DCE740 /* WXZTipTests.xctest */,
				901AE3E41F58008600DCE740 /* WXZTipUITests.xctest */,
			);
			name = Products;
			sourceTree = "<group>";
		};
		901AE3C21F58008600DCE740 /* WXZTip */ = {
			isa = PBXGroup;
			children = (
				F2FF96CA2005F28300C2F268 /* Resfresh */,
				90ADD97F1F73B963009C5498 /* SwiftFile */,
				901AE3F61F5801B600DCE740 /* Tip */,
				901AE3C61F58008600DCE740 /* AppDelegate.h */,
				901AE3C71F58008600DCE740 /* AppDelegate.m */,
				901AE40D1F59100C00DCE740 /* RootViewController.h */,
				901AE40E1F59100D00DCE740 /* RootViewController.m */,
				901AE3C91F58008600DCE740 /* ViewController.h */,
				901AE3CA1F58008600DCE740 /* ViewController.m */,
				901AE4101F5910DA00DCE740 /* TipViewController.h */,
				901AE4111F5910DA00DCE740 /* TipViewController.m */,
				901AE40A1F590FF900DCE740 /* MBViewController.h */,
				901AE40B1F590FF900DCE740 /* MBViewController.m */,
				901AE3CC1F58008600DCE740 /* Main.storyboard */,
				901AE3CF1F58008600DCE740 /* Assets.xcassets */,
				901AE3D11F58008600DCE740 /* LaunchScreen.storyboard */,
				901AE3D41F58008600DCE740 /* Info.plist */,
				901AE3C31F58008600DCE740 /* Supporting Files */,
			);
			path = WXZTip;
			sourceTree = "<group>";
		};
		901AE3C31F58008600DCE740 /* Supporting Files */ = {
			isa = PBXGroup;
			children = (
				901AE3C41F58008600DCE740 /* main.m */,
			);
			name = "Supporting Files";
			sourceTree = "<group>";
		};
		901AE3DC1F58008600DCE740 /* WXZTipTests */ = {
			isa = PBXGroup;
			children = (
				901AE3DD1F58008600DCE740 /* WXZTipTests.m */,
				901AE3DF1F58008600DCE740 /* Info.plist */,
			);
			path = WXZTipTests;
			sourceTree = "<group>";
		};
		901AE3E71F58008600DCE740 /* WXZTipUITests */ = {
			isa = PBXGroup;
			children = (
				901AE3E81F58008600DCE740 /* WXZTipUITests.m */,
				901AE3EA1F58008600DCE740 /* Info.plist */,
			);
			path = WXZTipUITests;
			sourceTree = "<group>";
		};
		901AE3F61F5801B600DCE740 /* Tip */ = {
			isa = PBXGroup;
			children = (
				901AE3F71F5801B600DCE740 /* WXZTipView.h */,
				901AE3F81F5801B600DCE740 /* WXZTipView.m */,
			);
			path = Tip;
			sourceTree = "<group>";
		};
		901AE4131F59380200DCE740 /* image */ = {
			isa = PBXGroup;
			children = (
				901AE4141F59380200DCE740 /* Loading_1.png */,
				901AE4151F59380200DCE740 /* Loading_10.png */,
				901AE4161F59380200DCE740 /* Loading_11.png */,
				901AE4171F59380200DCE740 /* Loading_12.png */,
				901AE4181F59380200DCE740 /* Loading_2.png */,
				901AE4191F59380200DCE740 /* Loading_3.png */,
				901AE41A1F59380200DCE740 /* Loading_4.png */,
				901AE41B1F59380200DCE740 /* Loading_5.png */,
				901AE41C1F59380200DCE740 /* Loading_6.png */,
				901AE41D1F59380200DCE740 /* Loading_7.png */,
				901AE41E1F59380200DCE740 /* Loading_8.png */,
				901AE41F1F59380200DCE740 /* Loading_9.png */,
			);
			path = image;
			sourceTree = "<group>";
		};
		90ADD97F1F73B963009C5498 /* SwiftFile */ = {
			isa = PBXGroup;
			children = (
				90ADD9811F73B9D7009C5498 /* SListViewController.swift */,
				90ADD9801F73B9D7009C5498 /* WXZTip-Bridging-Header.h */,
			);
			path = SwiftFile;
			sourceTree = "<group>";
		};
		F2AD4466206E153700D01FC4 /* ReactComponent */ = {
			isa = PBXGroup;
			children = (
				F2AD4469206E15C700D01FC4 /* package.json */,
			);
			path = ReactComponent;
			sourceTree = "<group>";
		};
		F2FF96CA2005F28300C2F268 /* Resfresh */ = {
			isa = PBXGroup;
			children = (
				F2FF96CD2005F28300C2F268 /* UIViewController+Hud.h */,
				F2FF96CB2005F28300C2F268 /* UIViewController+Hud.m */,
				F2FF96CC2005F28300C2F268 /* UITableView+JMRefresh.h */,
				F2FF96CE2005F28300C2F268 /* UITableView+JMRefresh.m */,
				F2FF96D12006089600C2F268 /* JMRefreshNormalHeader.h */,
				F2FF96D22006089600C2F268 /* JMRefreshNormalHeader.m */,
				F2FF96D4200609A100C2F268 /* JMRefreshGifHeader.h */,
				F2FF96D5200609A100C2F268 /* JMRefreshGifHeader.m */,
				F2FF96DA20060AEF00C2F268 /* JMRefreshnAutoNormalFooter.h */,
				F2FF96DB20060AEF00C2F268 /* JMRefreshnAutoNormalFooter.m */,
			);
			path = Resfresh;
			sourceTree = "<group>";
		};
/* End PBXGroup section */

/* Begin PBXNativeTarget section */
		901AE3BF1F58008600DCE740 /* WXZTip */ = {
			isa = PBXNativeTarget;
			buildConfigurationList = 901AE3ED1F58008600DCE740 /* Build configuration list for PBXNativeTarget "WXZTip" */;
			buildPhases = (
				226799DDE570A1B03E07F1CA /* [CP] Check Pods Manifest.lock */,
				901AE3BC1F58008600DCE740 /* Sources */,
				901AE3BD1F58008600DCE740 /* Frameworks */,
				901AE3BE1F58008600DCE740 /* Resources */,
				28CF79676574A123A37FB70F /* [CP] Embed Pods Frameworks */,
				5F3D1F99FA170F06ACE4FE1F /* [CP] Copy Pods Resources */,
			);
			buildRules = (
			);
			dependencies = (
			);
			name = WXZTip;
			productName = WXZTip;
			productReference = 901AE3C01F58008600DCE740 /* WXZTip.app */;
			productType = "com.apple.product-type.application";
		};
		901AE3D81F58008600DCE740 /* WXZTipTests */ = {
			isa = PBXNativeTarget;
			buildConfigurationList = 901AE3F01F58008600DCE740 /* Build configuration list for PBXNativeTarget "WXZTipTests" */;
			buildPhases = (
				901AE3D51F58008600DCE740 /* Sources */,
				901AE3D61F58008600DCE740 /* Frameworks */,
				901AE3D71F58008600DCE740 /* Resources */,
			);
			buildRules = (
			);
			dependencies = (
				901AE3DB1F58008600DCE740 /* PBXTargetDependency */,
			);
			name = WXZTipTests;
			productName = WXZTipTests;
			productReference = 901AE3D91F58008600DCE740 /* WXZTipTests.xctest */;
			productType = "com.apple.product-type.bundle.unit-test";
		};
		901AE3E31F58008600DCE740 /* WXZTipUITests */ = {
			isa = PBXNativeTarget;
			buildConfigurationList = 901AE3F31F58008600DCE740 /* Build configuration list for PBXNativeTarget "WXZTipUITests" */;
			buildPhases = (
				901AE3E01F58008600DCE740 /* Sources */,
				901AE3E11F58008600DCE740 /* Frameworks */,
				901AE3E21F58008600DCE740 /* Resources */,
			);
			buildRules = (
			);
			dependencies = (
				901AE3E61F58008600DCE740 /* PBXTargetDependency */,
			);
			name = WXZTipUITests;
			productName = WXZTipUITests;
			productReference = 901AE3E41F58008600DCE740 /* WXZTipUITests.xctest */;
			productType = "com.apple.product-type.bundle.ui-testing";
		};
/* End PBXNativeTarget section */

/* Begin PBXProject section */
		901AE3B81F58008600DCE740 /* Project object */ = {
			isa = PBXProject;
			attributes = {
				LastUpgradeCheck = 0830;
				ORGANIZATIONNAME = wxz;
				TargetAttributes = {
					901AE3BF1F58008600DCE740 = {
						CreatedOnToolsVersion = 8.3.3;
						DevelopmentTeam = U9LB4M6238;
						LastSwiftMigration = 0900;
						ProvisioningStyle = Automatic;
					};
					901AE3D81F58008600DCE740 = {
						CreatedOnToolsVersion = 8.3.3;
						DevelopmentTeam = A2H3LGABL7;
						ProvisioningStyle = Automatic;
						TestTargetID = 901AE3BF1F58008600DCE740;
					};
					901AE3E31F58008600DCE740 = {
						CreatedOnToolsVersion = 8.3.3;
						DevelopmentTeam = A2H3LGABL7;
						ProvisioningStyle = Automatic;
						TestTargetID = 901AE3BF1F58008600DCE740;
					};
				};
			};
			buildConfigurationList = 901AE3BB1F58008600DCE740 /* Build configuration list for PBXProject "WXZTip" */;
			compatibilityVersion = "Xcode 3.2";
			developmentRegion = English;
			hasScannedForEncodings = 0;
			knownRegions = (
				en,
				Base,
			);
			mainGroup = 901AE3B71F58008600DCE740;
			productRefGroup = 901AE3C11F58008600DCE740 /* Products */;
			projectDirPath = "";
			projectRoot = "";
			targets = (
				901AE3BF1F58008600DCE740 /* WXZTip */,
				901AE3D81F58008600DCE740 /* WXZTipTests */,
				901AE3E31F58008600DCE740 /* WXZTipUITests */,
			);
		};
/* End PBXProject section */

/* Begin PBXResourcesBuildPhase section */
		901AE3BE1F58008600DCE740 /* Resources */ = {
			isa = PBXResourcesBuildPhase;
			buildActionMask = 2147483647;
			files = (
				F2AD446A206E15C700D01FC4 /* package.json in Resources */,
				901AE4291F59380200DCE740 /* Loading_7.png in Resources */,
				901AE3D31F58008600DCE740 /* LaunchScreen.storyboard in Resources */,
				901AE3D01F58008600DCE740 /* Assets.xcassets in Resources */,
				901AE4231F59380200DCE740 /* Loading_12.png in Resources */,
				901AE42B1F59380200DCE740 /* Loading_9.png in Resources */,
				901AE4221F59380200DCE740 /* Loading_11.png in Resources */,
				901AE4271F59380200DCE740 /* Loading_5.png in Resources */,
				901AE4251F59380200DCE740 /* Loading_3.png in Resources */,
				901AE4201F59380200DCE740 /* Loading_1.png in Resources */,
				901AE4281F59380200DCE740 /* Loading_6.png in Resources */,
				901AE4211F59380200DCE740 /* Loading_10.png in Resources */,
				901AE3CE1F58008600DCE740 /* Main.storyboard in Resources */,
				901AE4241F59380200DCE740 /* Loading_2.png in Resources */,
				901AE4261F59380200DCE740 /* Loading_4.png in Resources */,
				901AE42A1F59380200DCE740 /* Loading_8.png in Resources */,
			);
			runOnlyForDeploymentPostprocessing = 0;
		};
		901AE3D71F58008600DCE740 /* Resources */ = {
			isa = PBXResourcesBuildPhase;
			buildActionMask = 2147483647;
			files = (
			);
			runOnlyForDeploymentPostprocessing = 0;
		};
		901AE3E21F58008600DCE740 /* Resources */ = {
			isa = PBXResourcesBuildPhase;
			buildActionMask = 2147483647;
			files = (
			);
			runOnlyForDeploymentPostprocessing = 0;
		};
/* End PBXResourcesBuildPhase section */

/* Begin PBXShellScriptBuildPhase section */
		226799DDE570A1B03E07F1CA /* [CP] Check Pods Manifest.lock */ = {
			isa = PBXShellScriptBuildPhase;
			buildActionMask = 2147483647;
			files = (
			);
			inputPaths = (
				"${PODS_PODFILE_DIR_PATH}/Podfile.lock",
				"${PODS_ROOT}/Manifest.lock",
			);
			name = "[CP] Check Pods Manifest.lock";
			outputPaths = (
				"$(DERIVED_FILE_DIR)/Pods-WXZTip-checkManifestLockResult.txt",
			);
			runOnlyForDeploymentPostprocessing = 0;
			shellPath = /bin/sh;
			shellScript = "diff \"${PODS_PODFILE_DIR_PATH}/Podfile.lock\" \"${PODS_ROOT}/Manifest.lock\" > /dev/null\nif [ $? != 0 ] ; then\n    # print error to STDERR\n    echo \"error: The sandbox is not in sync with the Podfile.lock. Run 'pod install' or update your CocoaPods installation.\" >&2\n    exit 1\nfi\n# This output is used by Xcode 'outputs' to avoid re-running this script phase.\necho \"SUCCESS\" > \"${SCRIPT_OUTPUT_FILE_0}\"\n";
			showEnvVarsInLog = 0;
		};
		28CF79676574A123A37FB70F /* [CP] Embed Pods Frameworks */ = {
			isa = PBXShellScriptBuildPhase;
			buildActionMask = 2147483647;
			files = (
			);
			inputPaths = (
				"${SRCROOT}/Pods/Target Support Files/Pods-WXZTip/Pods-WXZTip-frameworks.sh",
				"${PODS_ROOT}/DJI-SDK-iOS/iOS_Mobile_SDK/DJISDK.framework",
			);
			name = "[CP] Embed Pods Frameworks";
			outputPaths = (
				"${TARGET_BUILD_DIR}/${FRAMEWORKS_FOLDER_PATH}/DJISDK.framework",
			);
			runOnlyForDeploymentPostprocessing = 0;
			shellPath = /bin/sh;
			shellScript = "\"${SRCROOT}/Pods/Target Support Files/Pods-WXZTip/Pods-WXZTip-frameworks.sh\"\n";
			showEnvVarsInLog = 0;
		};
		5F3D1F99FA170F06ACE4FE1F /* [CP] Copy Pods Resources */ = {
			isa = PBXShellScriptBuildPhase;
			buildActionMask = 2147483647;
			files = (
			);
			inputPaths = (
				"${SRCROOT}/Pods/Target Support Files/Pods-WXZTip/Pods-WXZTip-resources.sh",
				"${PODS_ROOT}/IQKeyboardManager/IQKeyboardManager/Resources/IQKeyboardManager.bundle",
				"${PODS_ROOT}/MJRefresh/MJRefresh/MJRefresh.bundle",
			);
			name = "[CP] Copy Pods Resources";
			outputPaths = (
				"${TARGET_BUILD_DIR}/${UNLOCALIZED_RESOURCES_FOLDER_PATH}",
			);
			runOnlyForDeploymentPostprocessing = 0;
			shellPath = /bin/sh;
			shellScript = "\"${SRCROOT}/Pods/Target Support Files/Pods-WXZTip/Pods-WXZTip-resources.sh\"\n";
			showEnvVarsInLog = 0;
		};
/* End PBXShellScriptBuildPhase section */

/* Begin PBXSourcesBuildPhase section */
		901AE3BC1F58008600DCE740 /* Sources */ = {
			isa = PBXSourcesBuildPhase;
			buildActionMask = 2147483647;
			files = (
				901AE40C1F590FF900DCE740 /* MBViewController.m in Sources */,
				901AE3F91F5801B600DCE740 /* WXZTipView.m in Sources */,
				901AE40F1F59100D00DCE740 /* RootViewController.m in Sources */,
				F2FF96CF2005F28300C2F268 /* UIViewController+Hud.m in Sources */,
				F2FF96DC20060AEF00C2F268 /* JMRefreshnAutoNormalFooter.m in Sources */,
				F2FF96D6200609A100C2F268 /* JMRefreshGifHeader.m in Sources */,
				901AE3CB1F58008600DCE740 /* ViewController.m in Sources */,
				901AE3C81F58008600DCE740 /* AppDelegate.m in Sources */,
				F2FF96D02005F28300C2F268 /* UITableView+JMRefresh.m in Sources */,
				901AE4121F5910DA00DCE740 /* TipViewController.m in Sources */,
				F2FF96D32006089600C2F268 /* JMRefreshNormalHeader.m in Sources */,
				901AE3C51F58008600DCE740 /* main.m in Sources */,
				90ADD9821F73B9D7009C5498 /* SListViewController.swift in Sources */,
			);
			runOnlyForDeploymentPostprocessing = 0;
		};
		901AE3D51F58008600DCE740 /* Sources */ = {
			isa = PBXSourcesBuildPhase;
			buildActionMask = 2147483647;
			files = (
				901AE3DE1F58008600DCE740 /* WXZTipTests.m in Sources */,
			);
			runOnlyForDeploymentPostprocessing = 0;
		};
		901AE3E01F58008600DCE740 /* Sources */ = {
			isa = PBXSourcesBuildPhase;
			buildActionMask = 2147483647;
			files = (
				901AE3E91F58008600DCE740 /* WXZTipUITests.m in Sources */,
			);
			runOnlyForDeploymentPostprocessing = 0;
		};
/* End PBXSourcesBuildPhase section */

/* Begin PBXTargetDependency section */
		901AE3DB1F58008600DCE740 /* PBXTargetDependency */ = {
			isa = PBXTargetDependency;
			target = 901AE3BF1F58008600DCE740 /* WXZTip */;
			targetProxy = 901AE3DA1F58008600DCE740 /* PBXContainerItemProxy */;
		};
		901AE3E61F58008600DCE740 /* PBXTargetDependency */ = {
			isa = PBXTargetDependency;
			target = 901AE3BF1F58008600DCE740 /* WXZTip */;
			targetProxy = 901AE3E51F58008600DCE740 /* PBXContainerItemProxy */;
		};
/* End PBXTargetDependency section */

/* Begin PBXVariantGroup section */
		901AE3CC1F58008600DCE740 /* Main.storyboard */ = {
			isa = PBXVariantGroup;
			children = (
				901AE3CD1F58008600DCE740 /* Base */,
			);
			name = Main.storyboard;
			sourceTree = "<group>";
		};
		901AE3D11F58008600DCE740 /* LaunchScreen.storyboard */ = {
			isa = PBXVariantGroup;
			children = (
				901AE3D21F58008600DCE740 /* Base */,
			);
			name = LaunchScreen.storyboard;
			sourceTree = "<group>";
		};
/* End PBXVariantGroup section */

/* Begin XCBuildConfiguration section */
		901AE3EB1F58008600DCE740 /* Debug */ = {
			isa = XCBuildConfiguration;
			buildSettings = {
				ALWAYS_SEARCH_USER_PATHS = NO;
				CLANG_ANALYZER_NONNULL = YES;
				CLANG_ANALYZER_NUMBER_OBJECT_CONVERSION = YES_AGGRESSIVE;
				CLANG_CXX_LANGUAGE_STANDARD = "gnu++0x";
				CLANG_CXX_LIBRARY = "libc++";
				CLANG_ENABLE_MODULES = YES;
				CLANG_ENABLE_OBJC_ARC = YES;
				CLANG_WARN_BOOL_CONVERSION = YES;
				CLANG_WARN_CONSTANT_CONVERSION = YES;
				CLANG_WARN_DIRECT_OBJC_ISA_USAGE = YES_ERROR;
				CLANG_WARN_DOCUMENTATION_COMMENTS = YES;
				CLANG_WARN_EMPTY_BODY = YES;
				CLANG_WARN_ENUM_CONVERSION = YES;
				CLANG_WARN_INFINITE_RECURSION = YES;
				CLANG_WARN_INT_CONVERSION = YES;
				CLANG_WARN_OBJC_ROOT_CLASS = YES_ERROR;
				CLANG_WARN_SUSPICIOUS_MOVE = YES;
				CLANG_WARN_UNREACHABLE_CODE = YES;
				CLANG_WARN__DUPLICATE_METHOD_MATCH = YES;
				"CODE_SIGN_IDENTITY[sdk=iphoneos*]" = "iPhone Developer";
				COPY_PHASE_STRIP = NO;
				DEBUG_INFORMATION_FORMAT = dwarf;
				ENABLE_STRICT_OBJC_MSGSEND = YES;
				ENABLE_TESTABILITY = YES;
				GCC_C_LANGUAGE_STANDARD = gnu99;
				GCC_DYNAMIC_NO_PIC = NO;
				GCC_NO_COMMON_BLOCKS = YES;
				GCC_OPTIMIZATION_LEVEL = 0;
				GCC_PREPROCESSOR_DEFINITIONS = (
					"DEBUG=1",
					"$(inherited)",
				);
				GCC_WARN_64_TO_32_BIT_CONVERSION = YES;
				GCC_WARN_ABOUT_RETURN_TYPE = YES_ERROR;
				GCC_WARN_UNDECLARED_SELECTOR = YES;
				GCC_WARN_UNINITIALIZED_AUTOS = YES_AGGRESSIVE;
				GCC_WARN_UNUSED_FUNCTION = YES;
				GCC_WARN_UNUSED_VARIABLE = YES;
				IPHONEOS_DEPLOYMENT_TARGET = 10.3;
				MTL_ENABLE_DEBUG_INFO = YES;
				ONLY_ACTIVE_ARCH = YES;
				SDKROOT = iphoneos;
			};
			name = Debug;
		};
		901AE3EC1F58008600DCE740 /* Release */ = {
			isa = XCBuildConfiguration;
			buildSettings = {
				ALWAYS_SEARCH_USER_PATHS = NO;
				CLANG_ANALYZER_NONNULL = YES;
				CLANG_ANALYZER_NUMBER_OBJECT_CONVERSION = YES_AGGRESSIVE;
				CLANG_CXX_LANGUAGE_STANDARD = "gnu++0x";
				CLANG_CXX_LIBRARY = "libc++";
				CLANG_ENABLE_MODULES = YES;
				CLANG_ENABLE_OBJC_ARC = YES;
				CLANG_WARN_BOOL_CONVERSION = YES;
				CLANG_WARN_CONSTANT_CONVERSION = YES;
				CLANG_WARN_DIRECT_OBJC_ISA_USAGE = YES_ERROR;
				CLANG_WARN_DOCUMENTATION_COMMENTS = YES;
				CLANG_WARN_EMPTY_BODY = YES;
				CLANG_WARN_ENUM_CONVERSION = YES;
				CLANG_WARN_INFINITE_RECURSION = YES;
				CLANG_WARN_INT_CONVERSION = YES;
				CLANG_WARN_OBJC_ROOT_CLASS = YES_ERROR;
				CLANG_WARN_SUSPICIOUS_MOVE = YES;
				CLANG_WARN_UNREACHABLE_CODE = YES;
				CLANG_WARN__DUPLICATE_METHOD_MATCH = YES;
				"CODE_SIGN_IDENTITY[sdk=iphoneos*]" = "iPhone Developer";
				COPY_PHASE_STRIP = NO;
				DEBUG_INFORMATION_FORMAT = "dwarf-with-dsym";
				ENABLE_NS_ASSERTIONS = NO;
				ENABLE_STRICT_OBJC_MSGSEND = YES;
				GCC_C_LANGUAGE_STANDARD = gnu99;
				GCC_NO_COMMON_BLOCKS = YES;
				GCC_WARN_64_TO_32_BIT_CONVERSION = YES;
				GCC_WARN_ABOUT_RETURN_TYPE = YES_ERROR;
				GCC_WARN_UNDECLARED_SELECTOR = YES;
				GCC_WARN_UNINITIALIZED_AUTOS = YES_AGGRESSIVE;
				GCC_WARN_UNUSED_FUNCTION = YES;
				GCC_WARN_UNUSED_VARIABLE = YES;
				IPHONEOS_DEPLOYMENT_TARGET = 10.3;
				MTL_ENABLE_DEBUG_INFO = NO;
				SDKROOT = iphoneos;
				VALIDATE_PRODUCT = YES;
			};
			name = Release;
		};
		901AE3EE1F58008600DCE740 /* Debug */ = {
			isa = XCBuildConfiguration;
			baseConfigurationReference = C2A2914048088D0AECF479F7 /* Pods-WXZTip.debug.xcconfig */;
			buildSettings = {
				ASSETCATALOG_COMPILER_APPICON_NAME = AppIcon;
				CLANG_ENABLE_MODULES = YES;
				DEVELOPMENT_TEAM = U9LB4M6238;
				INFOPLIST_FILE = WXZTip/Info.plist;
				LD_RUNPATH_SEARCH_PATHS = "$(inherited) @executable_path/Frameworks";
				PRODUCT_BUNDLE_IDENTIFIER = wxz.WXZTip;
				PRODUCT_NAME = "$(TARGET_NAME)";
				SWIFT_OBJC_BRIDGING_HEADER = "WXZTip/SwiftFile/WXZTip-Bridging-Header.h";
				SWIFT_OPTIMIZATION_LEVEL = "-Onone";
				SWIFT_VERSION = 3.0;
			};
			name = Debug;
		};
		901AE3EF1F58008600DCE740 /* Release */ = {
			isa = XCBuildConfiguration;
			baseConfigurationReference = 1E2E1740AB54F4F31D7E68ED /* Pods-WXZTip.release.xcconfig */;
			buildSettings = {
				ASSETCATALOG_COMPILER_APPICON_NAME = AppIcon;
				CLANG_ENABLE_MODULES = YES;
				DEVELOPMENT_TEAM = U9LB4M6238;
				INFOPLIST_FILE = WXZTip/Info.plist;
				LD_RUNPATH_SEARCH_PATHS = "$(inherited) @executable_path/Frameworks";
				PRODUCT_BUNDLE_IDENTIFIER = wxz.WXZTip;
				PRODUCT_NAME = "$(TARGET_NAME)";
				SWIFT_OBJC_BRIDGING_HEADER = "WXZTip/SwiftFile/WXZTip-Bridging-Header.h";
				SWIFT_VERSION = 3.0;
			};
			name = Release;
		};
		901AE3F11F58008600DCE740 /* Debug */ = {
			isa = XCBuildConfiguration;
			buildSettings = {
				ALWAYS_EMBED_SWIFT_STANDARD_LIBRARIES = YES;
				BUNDLE_LOADER = "$(TEST_HOST)";
				DEVELOPMENT_TEAM = A2H3LGABL7;
				INFOPLIST_FILE = WXZTipTests/Info.plist;
				LD_RUNPATH_SEARCH_PATHS = "$(inherited) @executable_path/Frameworks @loader_path/Frameworks";
				PRODUCT_BUNDLE_IDENTIFIER = wxz.WXZTipTests;
				PRODUCT_NAME = "$(TARGET_NAME)";
				TEST_HOST = "$(BUILT_PRODUCTS_DIR)/WXZTip.app/WXZTip";
			};
			name = Debug;
		};
		901AE3F21F58008600DCE740 /* Release */ = {
			isa = XCBuildConfiguration;
			buildSettings = {
				ALWAYS_EMBED_SWIFT_STANDARD_LIBRARIES = YES;
				BUNDLE_LOADER = "$(TEST_HOST)";
				DEVELOPMENT_TEAM = A2H3LGABL7;
				INFOPLIST_FILE = WXZTipTests/Info.plist;
				LD_RUNPATH_SEARCH_PATHS = "$(inherited) @executable_path/Frameworks @loader_path/Frameworks";
				PRODUCT_BUNDLE_IDENTIFIER = wxz.WXZTipTests;
				PRODUCT_NAME = "$(TARGET_NAME)";
				TEST_HOST = "$(BUILT_PRODUCTS_DIR)/WXZTip.app/WXZTip";
			};
			name = Release;
		};
		901AE3F41F58008600DCE740 /* Debug */ = {
			isa = XCBuildConfiguration;
			buildSettings = {
				ALWAYS_EMBED_SWIFT_STANDARD_LIBRARIES = YES;
				DEVELOPMENT_TEAM = A2H3LGABL7;
				INFOPLIST_FILE = WXZTipUITests/Info.plist;
				LD_RUNPATH_SEARCH_PATHS = "$(inherited) @executable_path/Frameworks @loader_path/Frameworks";
				PRODUCT_BUNDLE_IDENTIFIER = wxz.WXZTipUITests;
				PRODUCT_NAME = "$(TARGET_NAME)";
				TEST_TARGET_NAME = WXZTip;
			};
			name = Debug;
		};
		901AE3F51F58008600DCE740 /* Release */ = {
			isa = XCBuildConfiguration;
			buildSettings = {
				ALWAYS_EMBED_SWIFT_STANDARD_LIBRARIES = YES;
				DEVELOPMENT_TEAM = A2H3LGABL7;
				INFOPLIST_FILE = WXZTipUITests/Info.plist;
				LD_RUNPATH_SEARCH_PATHS = "$(inherited) @executable_path/Frameworks @loader_path/Frameworks";
				PRODUCT_BUNDLE_IDENTIFIER = wxz.WXZTipUITests;
				PRODUCT_NAME = "$(TARGET_NAME)";
				TEST_TARGET_NAME = WXZTip;
			};
			name = Release;
		};
/* End XCBuildConfiguration section */

/* Begin XCConfigurationList section */
		901AE3BB1F58008600DCE740 /* Build configuration list for PBXProject "WXZTip" */ = {
			isa = XCConfigurationList;
			buildConfigurations = (
				901AE3EB1F58008600DCE740 /* Debug */,
				901AE3EC1F58008600DCE740 /* Release */,
			);
			defaultConfigurationIsVisible = 0;
			defaultConfigurationName = Release;
		};
		901AE3ED1F58008600DCE740 /* Build configuration list for PBXNativeTarget "WXZTip" */ = {
			isa = XCConfigurationList;
			buildConfigurations = (
				901AE3EE1F58008600DCE740 /* Debug */,
				901AE3EF1F58008600DCE740 /* Release */,
			);
			defaultConfigurationIsVisible = 0;
			defaultConfigurationName = Release;
		};
		901AE3F01F58008600DCE740 /* Build configuration list for PBXNativeTarget "WXZTipTests" */ = {
			isa = XCConfigurationList;
			buildConfigurations = (
				901AE3F11F58008600DCE740 /* Debug */,
				901AE3F21F58008600DCE740 /* Release */,
			);
			defaultConfigurationIsVisible = 0;
			defaultConfigurationName = Release;
		};
		901AE3F31F58008600DCE740 /* Build configuration list for PBXNativeTarget "WXZTipUITests" */ = {
			isa = XCConfigurationList;
			buildConfigurations = (
				901AE3F41F58008600DCE740 /* Debug */,
				901AE3F51F58008600DCE740 /* Release */,
			);
			defaultConfigurationIsVisible = 0;
			defaultConfigurationName = Release;
		};
/* End XCConfigurationList section */
	};
	rootObject = 901AE3B81F58008600DCE740 /* Project object */;
}
